
Microsoft Visual Studio Solution File, Format Version 12.00
# Visual Studio 15
VisualStudioVersion = 15.0.26730.16
MinimumVisualStudioVersion = 10.0.40219.1
Project("{9A19103F-16F7-4668-BE54-9A1E7A4F7556}") = "Paradigm.Services.StateMachines", "Paradigm.Services.StateMachines\Paradigm.Services.StateMachines.csproj", "{44BA162E-B9B5-4C95-941F-9619DD0429C8}"
EndProject
Project("{9A19103F-16F7-4668-BE54-9A1E7A4F7556}") = "Paradigm.Services.Domain", "Paradigm.Services.Domain\Paradigm.Services.Domain.csproj", "{3DFF0A59-C9B4-4900-BC66-A21C45C10A62}"
EndProject
Project("{9A19103F-16F7-4668-BE54-9A1E7A4F7556}") = "Paradigm.Services.Exceptions", "Paradigm.Services.Exceptions\Paradigm.Services.Exceptions.csproj", "{0727F191-9ECD-45A5-8A65-DFB193FC3D68}"
EndProject
Project("{9A19103F-16F7-4668-BE54-9A1E7A4F7556}") = "Paradigm.Services.Interfaces", "Paradigm.Services.Interfaces\Paradigm.Services.Interfaces.csproj", "{078D1CDC-0BF1-4353-8CB4-84F238FEE60B}"
EndProject
Project("{9A19103F-16F7-4668-BE54-9A1E7A4F7556}") = "Paradigm.Services.Exceptions.SqlServer", "Paradigm.Services.Exceptions.SqlServer\Paradigm.Services.Exceptions.SqlServer.csproj", "{B32A3065-C620-4B12-ACAD-810A5F5CBD67}"
EndProject
Project("{9A19103F-16F7-4668-BE54-9A1E7A4F7556}") = "Paradigm.Services.WorkingTasks", "Paradigm.Services.WorkingTasks\Paradigm.Services.WorkingTasks.csproj", "{9F3FCA29-030E-4AC9-A532-AC567BFCF04B}"
EndProject
Project("{9A19103F-16F7-4668-BE54-9A1E7A4F7556}") = "Paradigm.Services.Repositories", "Paradigm.Services.Repositories\Paradigm.Services.Repositories.csproj", "{3F988178-0F17-4431-B527-3CDE64766FE6}"
EndProject
Project("{9A19103F-16F7-4668-BE54-9A1E7A4F7556}") = "Paradigm.Services.Repositories.EntityFramework", "Paradigm.Services.Repositories.EntityFramework\Paradigm.Services.Repositories.EntityFramework.csproj", "{13C606EF-B68D-455B-9AAC-6CD5A1499A37}"
EndProject
Project("{2150E333-8FDC-42A3-9474-1A3956D46DE8}") = "Framework", "Framework", "{E73319A5-FD2E-4194-87C6-C933748FFE28}"
EndProject
Project("{2150E333-8FDC-42A3-9474-1A3956D46DE8}") = "Tests", "Tests", "{B01F0173-3FAF-48D2-92C6-53AEFFA0A23B}"
EndProject
Project("{9A19103F-16F7-4668-BE54-9A1E7A4F7556}") = "Paradigm.Services.Repositories.ORM", "Paradigm.Services.Repositories.ORM\Paradigm.Services.Repositories.ORM.csproj", "{48F3C623-B493-4E84-8A76-A7BD836204D8}"
EndProject
Project("{9A19103F-16F7-4668-BE54-9A1E7A4F7556}") = "Paradigm.Services.WorkingTasks.ORM", "Paradigm.Services.WorkingTasks.ORM\Paradigm.Services.WorkingTasks.ORM.csproj", "{F2528E4A-127B-424D-8916-588525EC4A56}"
EndProject
Project("{9A19103F-16F7-4668-BE54-9A1E7A4F7556}") = "Paradigm.Services.WorkingTasks.EntityFramework", "Paradigm.Services.WorkingTasks.EntityFramework\Paradigm.Services.WorkingTasks.EntityFramework.csproj", "{F1DA799D-3B2E-42A6-A14E-31DF44293DFB}"
EndProject
Project("{9A19103F-16F7-4668-BE54-9A1E7A4F7556}") = "Paradigm.Services.Providers", "Paradigm.Services.Providers\Paradigm.Services.Providers.csproj", "{368E16FC-980E-4974-88D9-E844BE20E033}"
EndProject
Project("{9A19103F-16F7-4668-BE54-9A1E7A4F7556}") = "Paradigm.Services.Mvc.ORM", "Paradigm.Services.Mvc.ORM\Paradigm.Services.Mvc.ORM.csproj", "{7963DD9E-6FA0-4C6D-AE37-FE386E42C358}"
EndProject
Project("{9A19103F-16F7-4668-BE54-9A1E7A4F7556}") = "Paradigm.Services.Mvc", "Paradigm.Services.Mvc\Paradigm.Services.Mvc.csproj", "{0A28969F-A089-4393-A08B-0D94D2C75879}"
EndProject
Project("{2150E333-8FDC-42A3-9474-1A3956D46DE8}") = "Framework.ORM", "Framework.ORM", "{98E3C523-81F9-4BF8-A4CE-832E6FE553F5}"
EndProject
Project("{2150E333-8FDC-42A3-9474-1A3956D46DE8}") = "Framework.EntityFramework", "Framework.EntityFramework", "{EE42E4A7-D075-4540-A0E0-9C1EA1763B61}"
EndProject
Project("{9A19103F-16F7-4668-BE54-9A1E7A4F7556}") = "Paradigm.Services.Tests", "Paradigm.Services.Tests\Paradigm.Services.Tests.csproj", "{39976A74-AD47-4D1F-9D75-25831599F70C}"
EndProject
Global
	GlobalSection(SolutionConfigurationPlatforms) = preSolution
		Debug|Any CPU = Debug|Any CPU
		Release|Any CPU = Release|Any CPU
	EndGlobalSection
	GlobalSection(ProjectConfigurationPlatforms) = postSolution
		{44BA162E-B9B5-4C95-941F-9619DD0429C8}.Debug|Any CPU.ActiveCfg = Debug|Any CPU
		{44BA162E-B9B5-4C95-941F-9619DD0429C8}.Debug|Any CPU.Build.0 = Debug|Any CPU
		{44BA162E-B9B5-4C95-941F-9619DD0429C8}.Release|Any CPU.ActiveCfg = Release|Any CPU
		{44BA162E-B9B5-4C95-941F-9619DD0429C8}.Release|Any CPU.Build.0 = Release|Any CPU
		{3DFF0A59-C9B4-4900-BC66-A21C45C10A62}.Debug|Any CPU.ActiveCfg = Debug|Any CPU
		{3DFF0A59-C9B4-4900-BC66-A21C45C10A62}.Debug|Any CPU.Build.0 = Debug|Any CPU
		{3DFF0A59-C9B4-4900-BC66-A21C45C10A62}.Release|Any CPU.ActiveCfg = Release|Any CPU
		{3DFF0A59-C9B4-4900-BC66-A21C45C10A62}.Release|Any CPU.Build.0 = Release|Any CPU
		{0727F191-9ECD-45A5-8A65-DFB193FC3D68}.Debug|Any CPU.ActiveCfg = Debug|Any CPU
		{0727F191-9ECD-45A5-8A65-DFB193FC3D68}.Debug|Any CPU.Build.0 = Debug|Any CPU
		{0727F191-9ECD-45A5-8A65-DFB193FC3D68}.Release|Any CPU.ActiveCfg = Release|Any CPU
		{0727F191-9ECD-45A5-8A65-DFB193FC3D68}.Release|Any CPU.Build.0 = Release|Any CPU
		{078D1CDC-0BF1-4353-8CB4-84F238FEE60B}.Debug|Any CPU.ActiveCfg = Debug|Any CPU
		{078D1CDC-0BF1-4353-8CB4-84F238FEE60B}.Debug|Any CPU.Build.0 = Debug|Any CPU
		{078D1CDC-0BF1-4353-8CB4-84F238FEE60B}.Release|Any CPU.ActiveCfg = Release|Any CPU
		{078D1CDC-0BF1-4353-8CB4-84F238FEE60B}.Release|Any CPU.Build.0 = Release|Any CPU
		{B32A3065-C620-4B12-ACAD-810A5F5CBD67}.Debug|Any CPU.ActiveCfg = Debug|Any CPU
		{B32A3065-C620-4B12-ACAD-810A5F5CBD67}.Debug|Any CPU.Build.0 = Debug|Any CPU
		{B32A3065-C620-4B12-ACAD-810A5F5CBD67}.Release|Any CPU.ActiveCfg = Release|Any CPU
		{B32A3065-C620-4B12-ACAD-810A5F5CBD67}.Release|Any CPU.Build.0 = Release|Any CPU
		{9F3FCA29-030E-4AC9-A532-AC567BFCF04B}.Debug|Any CPU.ActiveCfg = Debug|Any CPU
		{9F3FCA29-030E-4AC9-A532-AC567BFCF04B}.Debug|Any CPU.Build.0 = Debug|Any CPU
		{9F3FCA29-030E-4AC9-A532-AC567BFCF04B}.Release|Any CPU.ActiveCfg = Release|Any CPU
		{9F3FCA29-030E-4AC9-A532-AC567BFCF04B}.Release|Any CPU.Build.0 = Release|Any CPU
		{3F988178-0F17-4431-B527-3CDE64766FE6}.Debug|Any CPU.ActiveCfg = Debug|Any CPU
		{3F988178-0F17-4431-B527-3CDE64766FE6}.Debug|Any CPU.Build.0 = Debug|Any CPU
		{3F988178-0F17-4431-B527-3CDE64766FE6}.Release|Any CPU.ActiveCfg = Release|Any CPU
		{3F988178-0F17-4431-B527-3CDE64766FE6}.Release|Any CPU.Build.0 = Release|Any CPU
		{13C606EF-B68D-455B-9AAC-6CD5A1499A37}.Debug|Any CPU.ActiveCfg = Debug|Any CPU
		{13C606EF-B68D-455B-9AAC-6CD5A1499A37}.Debug|Any CPU.Build.0 = Debug|Any CPU
		{13C606EF-B68D-455B-9AAC-6CD5A1499A37}.Release|Any CPU.ActiveCfg = Release|Any CPU
		{13C606EF-B68D-455B-9AAC-6CD5A1499A37}.Release|Any CPU.Build.0 = Release|Any CPU
		{48F3C623-B493-4E84-8A76-A7BD836204D8}.Debug|Any CPU.ActiveCfg = Debug|Any CPU
		{48F3C623-B493-4E84-8A76-A7BD836204D8}.Debug|Any CPU.Build.0 = Debug|Any CPU
		{48F3C623-B493-4E84-8A76-A7BD836204D8}.Release|Any CPU.ActiveCfg = Release|Any CPU
		{48F3C623-B493-4E84-8A76-A7BD836204D8}.Release|Any CPU.Build.0 = Release|Any CPU
		{F2528E4A-127B-424D-8916-588525EC4A56}.Debug|Any CPU.ActiveCfg = Debug|Any CPU
		{F2528E4A-127B-424D-8916-588525EC4A56}.Debug|Any CPU.Build.0 = Debug|Any CPU
		{F2528E4A-127B-424D-8916-588525EC4A56}.Release|Any CPU.ActiveCfg = Release|Any CPU
		{F2528E4A-127B-424D-8916-588525EC4A56}.Release|Any CPU.Build.0 = Release|Any CPU
		{F1DA799D-3B2E-42A6-A14E-31DF44293DFB}.Debug|Any CPU.ActiveCfg = Debug|Any CPU
		{F1DA799D-3B2E-42A6-A14E-31DF44293DFB}.Debug|Any CPU.Build.0 = Debug|Any CPU
		{F1DA799D-3B2E-42A6-A14E-31DF44293DFB}.Release|Any CPU.ActiveCfg = Release|Any CPU
		{F1DA799D-3B2E-42A6-A14E-31DF44293DFB}.Release|Any CPU.Build.0 = Release|Any CPU
		{368E16FC-980E-4974-88D9-E844BE20E033}.Debug|Any CPU.ActiveCfg = Debug|Any CPU
		{368E16FC-980E-4974-88D9-E844BE20E033}.Debug|Any CPU.Build.0 = Debug|Any CPU
		{368E16FC-980E-4974-88D9-E844BE20E033}.Release|Any CPU.ActiveCfg = Release|Any CPU
		{368E16FC-980E-4974-88D9-E844BE20E033}.Release|Any CPU.Build.0 = Release|Any CPU
		{7963DD9E-6FA0-4C6D-AE37-FE386E42C358}.Debug|Any CPU.ActiveCfg = Debug|Any CPU
		{7963DD9E-6FA0-4C6D-AE37-FE386E42C358}.Debug|Any CPU.Build.0 = Debug|Any CPU
		{7963DD9E-6FA0-4C6D-AE37-FE386E42C358}.Release|Any CPU.ActiveCfg = Release|Any CPU
		{7963DD9E-6FA0-4C6D-AE37-FE386E42C358}.Release|Any CPU.Build.0 = Release|Any CPU
		{0A28969F-A089-4393-A08B-0D94D2C75879}.Debug|Any CPU.ActiveCfg = Debug|Any CPU
		{0A28969F-A089-4393-A08B-0D94D2C75879}.Debug|Any CPU.Build.0 = Debug|Any CPU
		{0A28969F-A089-4393-A08B-0D94D2C75879}.Release|Any CPU.ActiveCfg = Release|Any CPU
		{0A28969F-A089-4393-A08B-0D94D2C75879}.Release|Any CPU.Build.0 = Release|Any CPU
		{39976A74-AD47-4D1F-9D75-25831599F70C}.Debug|Any CPU.ActiveCfg = Debug|Any CPU
		{39976A74-AD47-4D1F-9D75-25831599F70C}.Debug|Any CPU.Build.0 = Debug|Any CPU
		{39976A74-AD47-4D1F-9D75-25831599F70C}.Release|Any CPU.ActiveCfg = Release|Any CPU
		{39976A74-AD47-4D1F-9D75-25831599F70C}.Release|Any CPU.Build.0 = Release|Any CPU
	EndGlobalSection
	GlobalSection(SolutionProperties) = preSolution
		HideSolutionNode = FALSE
	EndGlobalSection
	GlobalSection(NestedProjects) = preSolution
		{44BA162E-B9B5-4C95-941F-9619DD0429C8} = {E73319A5-FD2E-4194-87C6-C933748FFE28}
		{3DFF0A59-C9B4-4900-BC66-A21C45C10A62} = {E73319A5-FD2E-4194-87C6-C933748FFE28}
		{0727F191-9ECD-45A5-8A65-DFB193FC3D68} = {E73319A5-FD2E-4194-87C6-C933748FFE28}
		{078D1CDC-0BF1-4353-8CB4-84F238FEE60B} = {E73319A5-FD2E-4194-87C6-C933748FFE28}
		{B32A3065-C620-4B12-ACAD-810A5F5CBD67} = {E73319A5-FD2E-4194-87C6-C933748FFE28}
		{9F3FCA29-030E-4AC9-A532-AC567BFCF04B} = {E73319A5-FD2E-4194-87C6-C933748FFE28}
		{3F988178-0F17-4431-B527-3CDE64766FE6} = {E73319A5-FD2E-4194-87C6-C933748FFE28}
		{13C606EF-B68D-455B-9AAC-6CD5A1499A37} = {EE42E4A7-D075-4540-A0E0-9C1EA1763B61}
		{48F3C623-B493-4E84-8A76-A7BD836204D8} = {98E3C523-81F9-4BF8-A4CE-832E6FE553F5}
		{F2528E4A-127B-424D-8916-588525EC4A56} = {98E3C523-81F9-4BF8-A4CE-832E6FE553F5}
		{F1DA799D-3B2E-42A6-A14E-31DF44293DFB} = {EE42E4A7-D075-4540-A0E0-9C1EA1763B61}
		{368E16FC-980E-4974-88D9-E844BE20E033} = {E73319A5-FD2E-4194-87C6-C933748FFE28}
		{7963DD9E-6FA0-4C6D-AE37-FE386E42C358} = {98E3C523-81F9-4BF8-A4CE-832E6FE553F5}
		{0A28969F-A089-4393-A08B-0D94D2C75879} = {E73319A5-FD2E-4194-87C6-C933748FFE28}
		{39976A74-AD47-4D1F-9D75-25831599F70C} = {B01F0173-3FAF-48D2-92C6-53AEFFA0A23B}
	EndGlobalSection
	GlobalSection(ExtensibilityGlobals) = postSolution
		SolutionGuid = {530829D7-7909-4A65-86C2-2CB7D395E459}
	EndGlobalSection
EndGlobal
